
Microsoft Visual Studio Solution File, Format Version 12.00
# Visual Studio Version 16
VisualStudioVersion = 16.0.30804.86
MinimumVisualStudioVersion = 10.0.40219.1
Project("{FAE04EC0-301F-11D3-BF4B-00C04F79EFBC}") = "AdminBiblioteca", "AdminBiblioteca\AdminBiblioteca.csproj", "{3B8C1845-2D60-456D-9889-8AA68C21BC71}"
EndProject
Global
	GlobalSection(SolutionConfigurationPlatforms) = preSolution
		Debug|Any CPU = Debug|Any CPU
		Release|Any CPU = Release|Any CPU
	EndGlobalSection
	GlobalSection(ProjectConfigurationPlatforms) = postSolution
		{3B8C1845-2D60-456D-9889-8AA68C21BC71}.Debug|Any CPU.ActiveCfg = Debug|Any CPU
		{3B8C1845-2D60-456D-9889-8AA68C21BC71}.Debug|Any CPU.Build.0 = Debug|Any CPU
		{3B8C1845-2D60-456D-9889-8AA68C21BC71}.Release|Any CPU.ActiveCfg = Release|Any CPU
		{3B8C1845-2D60-456D-9889-8AA68C21BC71}.Release|Any CPU.Build.0 = Release|Any CPU
	EndGlobalSection
	GlobalSection(SolutionProperties) = preSolution
		HideSolutionNode = FALSE
	EndGlobalSection
	GlobalSection(ExtensibilityGlobals) = postSolution
		SolutionGuid = {80F13A4C-1B39-4C85-B290-5BE13F8135D6}
	EndGlobalSection
EndGlobal
